
Microsoft Visual Studio Solution File, Format Version 12.00
# Visual Studio Version 17
VisualStudioVersion = 17.12.35707.178
MinimumVisualStudioVersion = 10.0.40219.1
Project("{FAE04EC0-301F-11D3-BF4B-00C04F79EFBC}") = "Giris", "OOP_Giris\Giris.csproj", "{67B5D4BA-3007-4620-91CF-79690228BA0C}"
EndProject
Project("{FAE04EC0-301F-11D3-BF4B-00C04F79EFBC}") = "Giris1", "Giris1\Giris1.csproj", "{44DC3F3F-54E1-451D-AC88-112DDF5BD1E0}"
EndProject
Project("{FAE04EC0-301F-11D3-BF4B-00C04F79EFBC}") = "Giris2", "Giris2\Giris2.csproj", "{2A72B352-A551-4059-B1F7-9C9D25CE8000}"
EndProject
Project("{FAE04EC0-301F-11D3-BF4B-00C04F79EFBC}") = "Fonksiyonlar", "Fonksiyonlar\Fonksiyonlar.csproj", "{AD0AC328-04C9-4876-A21A-0CA42294D3D0}"
EndProject
Project("{FAE04EC0-301F-11D3-BF4B-00C04F79EFBC}") = "Fonksiyonlar2", "Fonksiyonlar2\Fonksiyonlar2.csproj", "{8DD56051-BD5B-4EEA-8C75-A822C10DA7DF}"
EndProject
Project("{FAE04EC0-301F-11D3-BF4B-00C04F79EFBC}") = "Diziler", "Diziler\Diziler.csproj", "{9138A5F9-F5EB-44EA-9846-F4C456859031}"
EndProject
Project("{FAE04EC0-301F-11D3-BF4B-00C04F79EFBC}") = "Uygulama_1", "Uygulama_1\Uygulama_1.csproj", "{544C0BF6-4285-4DAB-B53E-583BD28ADDC9}"
EndProject
Project("{FAE04EC0-301F-11D3-BF4B-00C04F79EFBC}") = "OOP_1_Giris", "OOP_1_Giris\OOP_1_Giris.csproj", "{93A6A743-0C12-4012-A310-7070F1EE74DC}"
EndProject
Project("{FAE04EC0-301F-11D3-BF4B-00C04F79EFBC}") = "OOP_Uygulama", "OOP_Uygulama\OOP_Uygulama.csproj", "{AD4C4151-ACB1-4822-A62F-EF351BB9D9EA}"
EndProject
Project("{FAE04EC0-301F-11D3-BF4B-00C04F79EFBC}") = "BasicBankProject", "BasicBankProject\BasicBankProject.csproj", "{2463582C-C1D1-47C7-A9D1-051E320F51D9}"
EndProject
Project("{FAE04EC0-301F-11D3-BF4B-00C04F79EFBC}") = "OOP_2", "OOP_2\OOP_2.csproj", "{5C15F9B9-D755-4D2E-80C3-133105C6F622}"
EndProject
Project("{FAE04EC0-301F-11D3-BF4B-00C04F79EFBC}") = "Collections", "Collections\Collections.csproj", "{32EACA04-D8DD-4077-95AB-A678E31EEB12}"
EndProject
Project("{FAE04EC0-301F-11D3-BF4B-00C04F79EFBC}") = "OOP_2_1", "OOP_2_1\OOP_2_1.csproj", "{9CC08AB4-0092-4ED7-ACDC-36096976568E}"
EndProject
Project("{FAE04EC0-301F-11D3-BF4B-00C04F79EFBC}") = "Collections_2", "Collections_2\Collections_2.csproj", "{EF7DA99B-2750-41F7-A1DD-C4DF2EA6CF89}"
EndProject
Project("{FAE04EC0-301F-11D3-BF4B-00C04F79EFBC}") = "Linq", "Linq\Linq.csproj", "{B9508687-6A3C-458F-9003-764F1D278633}"
EndProject
Project("{FAE04EC0-301F-11D3-BF4B-00C04F79EFBC}") = "Collections_3", "Collections_3\Collections_3.csproj", "{CD878ED2-D86D-4FCC-9550-D8EAFA5C7F1B}"
EndProject
Project("{FAE04EC0-301F-11D3-BF4B-00C04F79EFBC}") = "OOP_example", "OOP_example\OOP_example.csproj", "{6A8EF1A1-5B7A-4EE9-85B7-2B33723E721C}"
EndProject
Project("{FAE04EC0-301F-11D3-BF4B-00C04F79EFBC}") = "Inheritance", "Inheritance\Inheritance.csproj", "{553652D3-C313-48E0-9CC7-5E35552C503C}"
EndProject
Project("{FAE04EC0-301F-11D3-BF4B-00C04F79EFBC}") = "Inheritance_2", "Inheritance_2\Inheritance_2.csproj", "{1D6C9246-EC65-481E-835C-9BE80490C9A7}"
EndProject
Project("{FAE04EC0-301F-11D3-BF4B-00C04F79EFBC}") = "Constructor", "Constructor\Constructor.csproj", "{C45A8939-743B-42ED-908E-4228AF1A3B36}"
EndProject
Project("{FAE04EC0-301F-11D3-BF4B-00C04F79EFBC}") = "Encapsulation", "Encapsulation\Encapsulation.csproj", "{4C9E7D52-2BEF-4B37-9F5B-A6D004FE194D}"
EndProject
Project("{FAE04EC0-301F-11D3-BF4B-00C04F79EFBC}") = "Encapsulation_2", "Encapsulation_2\Encapsulation_2.csproj", "{CC06E311-9384-4723-A5A2-4749438FB988}"
EndProject
Project("{FAE04EC0-301F-11D3-BF4B-00C04F79EFBC}") = "Interface", "Interface\Interface.csproj", "{33ABE4F7-B72C-42D6-BFD3-B2D00D8AFAD4}"
EndProject
Project("{FAE04EC0-301F-11D3-BF4B-00C04F79EFBC}") = "LinqCase", "Case_1\LinqCase.csproj", "{4B59383B-2E24-4561-9DA8-F67DAF19E991}"
EndProject
Project("{FAE04EC0-301F-11D3-BF4B-00C04F79EFBC}") = "Encapsulation_Case", "Encapsulation_Case\Encapsulation_Case.csproj", "{283E004F-9D40-42AE-AD85-CE4E3CC9F653}"
EndProject
Project("{FAE04EC0-301F-11D3-BF4B-00C04F79EFBC}") = "Polymorphism", "Polymorphism\Polymorphism.csproj", "{99A22678-46E0-4AF5-91A4-E2D30F9FADB4}"
EndProject
Project("{FAE04EC0-301F-11D3-BF4B-00C04F79EFBC}") = "ECommerce", "ECommerce\ECommerce.csproj", "{0587BDC4-82BA-4591-8637-C79EFB1F8EF1}"
EndProject
Project("{FAE04EC0-301F-11D3-BF4B-00C04F79EFBC}") = "Odev_1", "Odev_1\Odev_1.csproj", "{22D31C77-B176-4011-ABCE-F6975C43EEE2}"
EndProject
Project("{FAE04EC0-301F-11D3-BF4B-00C04F79EFBC}") = "Polymorphism_2", "Polymorphism_2\Polymorphism_2.csproj", "{61269881-1036-4893-8A5E-51FDD02C687C}"
EndProject
Global
	GlobalSection(SolutionConfigurationPlatforms) = preSolution
		Debug|Any CPU = Debug|Any CPU
		Release|Any CPU = Release|Any CPU
	EndGlobalSection
	GlobalSection(ProjectConfigurationPlatforms) = postSolution
		{67B5D4BA-3007-4620-91CF-79690228BA0C}.Debug|Any CPU.ActiveCfg = Debug|Any CPU
		{67B5D4BA-3007-4620-91CF-79690228BA0C}.Debug|Any CPU.Build.0 = Debug|Any CPU
		{67B5D4BA-3007-4620-91CF-79690228BA0C}.Release|Any CPU.ActiveCfg = Release|Any CPU
		{67B5D4BA-3007-4620-91CF-79690228BA0C}.Release|Any CPU.Build.0 = Release|Any CPU
		{44DC3F3F-54E1-451D-AC88-112DDF5BD1E0}.Debug|Any CPU.ActiveCfg = Debug|Any CPU
		{44DC3F3F-54E1-451D-AC88-112DDF5BD1E0}.Debug|Any CPU.Build.0 = Debug|Any CPU
		{44DC3F3F-54E1-451D-AC88-112DDF5BD1E0}.Release|Any CPU.ActiveCfg = Release|Any CPU
		{44DC3F3F-54E1-451D-AC88-112DDF5BD1E0}.Release|Any CPU.Build.0 = Release|Any CPU
		{2A72B352-A551-4059-B1F7-9C9D25CE8000}.Debug|Any CPU.ActiveCfg = Debug|Any CPU
		{2A72B352-A551-4059-B1F7-9C9D25CE8000}.Debug|Any CPU.Build.0 = Debug|Any CPU
		{2A72B352-A551-4059-B1F7-9C9D25CE8000}.Release|Any CPU.ActiveCfg = Release|Any CPU
		{2A72B352-A551-4059-B1F7-9C9D25CE8000}.Release|Any CPU.Build.0 = Release|Any CPU
		{AD0AC328-04C9-4876-A21A-0CA42294D3D0}.Debug|Any CPU.ActiveCfg = Debug|Any CPU
		{AD0AC328-04C9-4876-A21A-0CA42294D3D0}.Debug|Any CPU.Build.0 = Debug|Any CPU
		{AD0AC328-04C9-4876-A21A-0CA42294D3D0}.Release|Any CPU.ActiveCfg = Release|Any CPU
		{AD0AC328-04C9-4876-A21A-0CA42294D3D0}.Release|Any CPU.Build.0 = Release|Any CPU
		{8DD56051-BD5B-4EEA-8C75-A822C10DA7DF}.Debug|Any CPU.ActiveCfg = Debug|Any CPU
		{8DD56051-BD5B-4EEA-8C75-A822C10DA7DF}.Debug|Any CPU.Build.0 = Debug|Any CPU
		{8DD56051-BD5B-4EEA-8C75-A822C10DA7DF}.Release|Any CPU.ActiveCfg = Release|Any CPU
		{8DD56051-BD5B-4EEA-8C75-A822C10DA7DF}.Release|Any CPU.Build.0 = Release|Any CPU
		{9138A5F9-F5EB-44EA-9846-F4C456859031}.Debug|Any CPU.ActiveCfg = Debug|Any CPU
		{9138A5F9-F5EB-44EA-9846-F4C456859031}.Debug|Any CPU.Build.0 = Debug|Any CPU
		{9138A5F9-F5EB-44EA-9846-F4C456859031}.Release|Any CPU.ActiveCfg = Release|Any CPU
		{9138A5F9-F5EB-44EA-9846-F4C456859031}.Release|Any CPU.Build.0 = Release|Any CPU
		{544C0BF6-4285-4DAB-B53E-583BD28ADDC9}.Debug|Any CPU.ActiveCfg = Debug|Any CPU
		{544C0BF6-4285-4DAB-B53E-583BD28ADDC9}.Debug|Any CPU.Build.0 = Debug|Any CPU
		{544C0BF6-4285-4DAB-B53E-583BD28ADDC9}.Release|Any CPU.ActiveCfg = Release|Any CPU
		{544C0BF6-4285-4DAB-B53E-583BD28ADDC9}.Release|Any CPU.Build.0 = Release|Any CPU
		{93A6A743-0C12-4012-A310-7070F1EE74DC}.Debug|Any CPU.ActiveCfg = Debug|Any CPU
		{93A6A743-0C12-4012-A310-7070F1EE74DC}.Debug|Any CPU.Build.0 = Debug|Any CPU
		{93A6A743-0C12-4012-A310-7070F1EE74DC}.Release|Any CPU.ActiveCfg = Release|Any CPU
		{93A6A743-0C12-4012-A310-7070F1EE74DC}.Release|Any CPU.Build.0 = Release|Any CPU
		{AD4C4151-ACB1-4822-A62F-EF351BB9D9EA}.Debug|Any CPU.ActiveCfg = Debug|Any CPU
		{AD4C4151-ACB1-4822-A62F-EF351BB9D9EA}.Debug|Any CPU.Build.0 = Debug|Any CPU
		{AD4C4151-ACB1-4822-A62F-EF351BB9D9EA}.Release|Any CPU.ActiveCfg = Release|Any CPU
		{AD4C4151-ACB1-4822-A62F-EF351BB9D9EA}.Release|Any CPU.Build.0 = Release|Any CPU
		{2463582C-C1D1-47C7-A9D1-051E320F51D9}.Debug|Any CPU.ActiveCfg = Debug|Any CPU
		{2463582C-C1D1-47C7-A9D1-051E320F51D9}.Debug|Any CPU.Build.0 = Debug|Any CPU
		{2463582C-C1D1-47C7-A9D1-051E320F51D9}.Release|Any CPU.ActiveCfg = Release|Any CPU
		{2463582C-C1D1-47C7-A9D1-051E320F51D9}.Release|Any CPU.Build.0 = Release|Any CPU
		{5C15F9B9-D755-4D2E-80C3-133105C6F622}.Debug|Any CPU.ActiveCfg = Debug|Any CPU
		{5C15F9B9-D755-4D2E-80C3-133105C6F622}.Debug|Any CPU.Build.0 = Debug|Any CPU
		{5C15F9B9-D755-4D2E-80C3-133105C6F622}.Release|Any CPU.ActiveCfg = Release|Any CPU
		{5C15F9B9-D755-4D2E-80C3-133105C6F622}.Release|Any CPU.Build.0 = Release|Any CPU
		{32EACA04-D8DD-4077-95AB-A678E31EEB12}.Debug|Any CPU.ActiveCfg = Debug|Any CPU
		{32EACA04-D8DD-4077-95AB-A678E31EEB12}.Debug|Any CPU.Build.0 = Debug|Any CPU
		{32EACA04-D8DD-4077-95AB-A678E31EEB12}.Release|Any CPU.ActiveCfg = Release|Any CPU
		{32EACA04-D8DD-4077-95AB-A678E31EEB12}.Release|Any CPU.Build.0 = Release|Any CPU
		{9CC08AB4-0092-4ED7-ACDC-36096976568E}.Debug|Any CPU.ActiveCfg = Debug|Any CPU
		{9CC08AB4-0092-4ED7-ACDC-36096976568E}.Debug|Any CPU.Build.0 = Debug|Any CPU
		{9CC08AB4-0092-4ED7-ACDC-36096976568E}.Release|Any CPU.ActiveCfg = Release|Any CPU
		{9CC08AB4-0092-4ED7-ACDC-36096976568E}.Release|Any CPU.Build.0 = Release|Any CPU
		{EF7DA99B-2750-41F7-A1DD-C4DF2EA6CF89}.Debug|Any CPU.ActiveCfg = Debug|Any CPU
		{EF7DA99B-2750-41F7-A1DD-C4DF2EA6CF89}.Debug|Any CPU.Build.0 = Debug|Any CPU
		{EF7DA99B-2750-41F7-A1DD-C4DF2EA6CF89}.Release|Any CPU.ActiveCfg = Release|Any CPU
		{EF7DA99B-2750-41F7-A1DD-C4DF2EA6CF89}.Release|Any CPU.Build.0 = Release|Any CPU
		{B9508687-6A3C-458F-9003-764F1D278633}.Debug|Any CPU.ActiveCfg = Debug|Any CPU
		{B9508687-6A3C-458F-9003-764F1D278633}.Debug|Any CPU.Build.0 = Debug|Any CPU
		{B9508687-6A3C-458F-9003-764F1D278633}.Release|Any CPU.ActiveCfg = Release|Any CPU
		{B9508687-6A3C-458F-9003-764F1D278633}.Release|Any CPU.Build.0 = Release|Any CPU
		{CD878ED2-D86D-4FCC-9550-D8EAFA5C7F1B}.Debug|Any CPU.ActiveCfg = Debug|Any CPU
		{CD878ED2-D86D-4FCC-9550-D8EAFA5C7F1B}.Debug|Any CPU.Build.0 = Debug|Any CPU
		{CD878ED2-D86D-4FCC-9550-D8EAFA5C7F1B}.Release|Any CPU.ActiveCfg = Release|Any CPU
		{CD878ED2-D86D-4FCC-9550-D8EAFA5C7F1B}.Release|Any CPU.Build.0 = Release|Any CPU
		{6A8EF1A1-5B7A-4EE9-85B7-2B33723E721C}.Debug|Any CPU.ActiveCfg = Debug|Any CPU
		{6A8EF1A1-5B7A-4EE9-85B7-2B33723E721C}.Debug|Any CPU.Build.0 = Debug|Any CPU
		{6A8EF1A1-5B7A-4EE9-85B7-2B33723E721C}.Release|Any CPU.ActiveCfg = Release|Any CPU
		{6A8EF1A1-5B7A-4EE9-85B7-2B33723E721C}.Release|Any CPU.Build.0 = Release|Any CPU
		{553652D3-C313-48E0-9CC7-5E35552C503C}.Debug|Any CPU.ActiveCfg = Debug|Any CPU
		{553652D3-C313-48E0-9CC7-5E35552C503C}.Debug|Any CPU.Build.0 = Debug|Any CPU
		{553652D3-C313-48E0-9CC7-5E35552C503C}.Release|Any CPU.ActiveCfg = Release|Any CPU
		{553652D3-C313-48E0-9CC7-5E35552C503C}.Release|Any CPU.Build.0 = Release|Any CPU
		{1D6C9246-EC65-481E-835C-9BE80490C9A7}.Debug|Any CPU.ActiveCfg = Debug|Any CPU
		{1D6C9246-EC65-481E-835C-9BE80490C9A7}.Debug|Any CPU.Build.0 = Debug|Any CPU
		{1D6C9246-EC65-481E-835C-9BE80490C9A7}.Release|Any CPU.ActiveCfg = Release|Any CPU
		{1D6C9246-EC65-481E-835C-9BE80490C9A7}.Release|Any CPU.Build.0 = Release|Any CPU
		{C45A8939-743B-42ED-908E-4228AF1A3B36}.Debug|Any CPU.ActiveCfg = Debug|Any CPU
		{C45A8939-743B-42ED-908E-4228AF1A3B36}.Debug|Any CPU.Build.0 = Debug|Any CPU
		{C45A8939-743B-42ED-908E-4228AF1A3B36}.Release|Any CPU.ActiveCfg = Release|Any CPU
		{C45A8939-743B-42ED-908E-4228AF1A3B36}.Release|Any CPU.Build.0 = Release|Any CPU
		{4C9E7D52-2BEF-4B37-9F5B-A6D004FE194D}.Debug|Any CPU.ActiveCfg = Debug|Any CPU
		{4C9E7D52-2BEF-4B37-9F5B-A6D004FE194D}.Debug|Any CPU.Build.0 = Debug|Any CPU
		{4C9E7D52-2BEF-4B37-9F5B-A6D004FE194D}.Release|Any CPU.ActiveCfg = Release|Any CPU
		{4C9E7D52-2BEF-4B37-9F5B-A6D004FE194D}.Release|Any CPU.Build.0 = Release|Any CPU
		{CC06E311-9384-4723-A5A2-4749438FB988}.Debug|Any CPU.ActiveCfg = Debug|Any CPU
		{CC06E311-9384-4723-A5A2-4749438FB988}.Debug|Any CPU.Build.0 = Debug|Any CPU
		{CC06E311-9384-4723-A5A2-4749438FB988}.Release|Any CPU.ActiveCfg = Release|Any CPU
		{CC06E311-9384-4723-A5A2-4749438FB988}.Release|Any CPU.Build.0 = Release|Any CPU
		{33ABE4F7-B72C-42D6-BFD3-B2D00D8AFAD4}.Debug|Any CPU.ActiveCfg = Debug|Any CPU
		{33ABE4F7-B72C-42D6-BFD3-B2D00D8AFAD4}.Debug|Any CPU.Build.0 = Debug|Any CPU
		{33ABE4F7-B72C-42D6-BFD3-B2D00D8AFAD4}.Release|Any CPU.ActiveCfg = Release|Any CPU
		{33ABE4F7-B72C-42D6-BFD3-B2D00D8AFAD4}.Release|Any CPU.Build.0 = Release|Any CPU
		{4B59383B-2E24-4561-9DA8-F67DAF19E991}.Debug|Any CPU.ActiveCfg = Debug|Any CPU
		{4B59383B-2E24-4561-9DA8-F67DAF19E991}.Debug|Any CPU.Build.0 = Debug|Any CPU
		{4B59383B-2E24-4561-9DA8-F67DAF19E991}.Release|Any CPU.ActiveCfg = Release|Any CPU
		{4B59383B-2E24-4561-9DA8-F67DAF19E991}.Release|Any CPU.Build.0 = Release|Any CPU
		{283E004F-9D40-42AE-AD85-CE4E3CC9F653}.Debug|Any CPU.ActiveCfg = Debug|Any CPU
		{283E004F-9D40-42AE-AD85-CE4E3CC9F653}.Debug|Any CPU.Build.0 = Debug|Any CPU
		{283E004F-9D40-42AE-AD85-CE4E3CC9F653}.Release|Any CPU.ActiveCfg = Release|Any CPU
		{283E004F-9D40-42AE-AD85-CE4E3CC9F653}.Release|Any CPU.Build.0 = Release|Any CPU
		{99A22678-46E0-4AF5-91A4-E2D30F9FADB4}.Debug|Any CPU.ActiveCfg = Debug|Any CPU
		{99A22678-46E0-4AF5-91A4-E2D30F9FADB4}.Debug|Any CPU.Build.0 = Debug|Any CPU
		{99A22678-46E0-4AF5-91A4-E2D30F9FADB4}.Release|Any CPU.ActiveCfg = Release|Any CPU
		{99A22678-46E0-4AF5-91A4-E2D30F9FADB4}.Release|Any CPU.Build.0 = Release|Any CPU
		{0587BDC4-82BA-4591-8637-C79EFB1F8EF1}.Debug|Any CPU.ActiveCfg = Debug|Any CPU
		{0587BDC4-82BA-4591-8637-C79EFB1F8EF1}.Debug|Any CPU.Build.0 = Debug|Any CPU
		{0587BDC4-82BA-4591-8637-C79EFB1F8EF1}.Release|Any CPU.ActiveCfg = Release|Any CPU
		{0587BDC4-82BA-4591-8637-C79EFB1F8EF1}.Release|Any CPU.Build.0 = Release|Any CPU
		{22D31C77-B176-4011-ABCE-F6975C43EEE2}.Debug|Any CPU.ActiveCfg = Debug|Any CPU
		{22D31C77-B176-4011-ABCE-F6975C43EEE2}.Debug|Any CPU.Build.0 = Debug|Any CPU
		{22D31C77-B176-4011-ABCE-F6975C43EEE2}.Release|Any CPU.ActiveCfg = Release|Any CPU
		{22D31C77-B176-4011-ABCE-F6975C43EEE2}.Release|Any CPU.Build.0 = Release|Any CPU
		{61269881-1036-4893-8A5E-51FDD02C687C}.Debug|Any CPU.ActiveCfg = Debug|Any CPU
		{61269881-1036-4893-8A5E-51FDD02C687C}.Debug|Any CPU.Build.0 = Debug|Any CPU
		{61269881-1036-4893-8A5E-51FDD02C687C}.Release|Any CPU.ActiveCfg = Release|Any CPU
		{61269881-1036-4893-8A5E-51FDD02C687C}.Release|Any CPU.Build.0 = Release|Any CPU
	EndGlobalSection
	GlobalSection(SolutionProperties) = preSolution
		HideSolutionNode = FALSE
	EndGlobalSection
EndGlobal
